
Microsoft Visual Studio Solution File, Format Version 12.00
# Visual Studio Version 16
VisualStudioVersion = 16.0.28803.452
MinimumVisualStudioVersion = 10.0.40219.1
Project("{FAE04EC0-301F-11D3-BF4B-00C04F79EFBC}") = "App_Cancella", "App_Cancella\App_Cancella.csproj", "{AF3715E7-F42D-4A8A-B0AD-A1547FE942ED}"
EndProject
Global
	GlobalSection(SolutionConfigurationPlatforms) = preSolution
		Debug|Any CPU = Debug|Any CPU
		Release|Any CPU = Release|Any CPU
	EndGlobalSection
	GlobalSection(ProjectConfigurationPlatforms) = postSolution
		{AF3715E7-F42D-4A8A-B0AD-A1547FE942ED}.Debug|Any CPU.ActiveCfg = Debug|Any CPU
		{AF3715E7-F42D-4A8A-B0AD-A1547FE942ED}.Debug|Any CPU.Build.0 = Debug|Any CPU
		{AF3715E7-F42D-4A8A-B0AD-A1547FE942ED}.Release|Any CPU.ActiveCfg = Release|Any CPU
		{AF3715E7-F42D-4A8A-B0AD-A1547FE942ED}.Release|Any CPU.Build.0 = Release|Any CPU
	EndGlobalSection
	GlobalSection(SolutionProperties) = preSolution
		HideSolutionNode = FALSE
	EndGlobalSection
	GlobalSection(ExtensibilityGlobals) = postSolution
		SolutionGuid = {CBF2BC24-163C-4610-97C8-00D1F5633C3C}
	EndGlobalSection
EndGlobal
